# @generated by Move, please check-in and do not edit manually.

[move]
version = 3
manifest_digest = "814FAAEDE39D24441FD25C616213A0363A35F8A5D7398EF69AE6E3BB5E2FBA92"
deps_digest = "F8BBB0CCB2491CA29A3DF03D6F92277A4F3574266507ACD77214D37ECA3F3082"
dependencies = [
  { id = "Sui", name = "Sui" },
]

[[move.package]]
id = "MoveStdlib"
source = { git = "https://github.com/MystenLabs/sui.git", rev = "mainnet-v1.42.2", subdir = "crates/sui-framework/packages/move-stdlib" }

[[move.package]]
id = "Sui"
source = { git = "https://github.com/MystenLabs/sui.git", rev = "mainnet-v1.42.2", subdir = "crates/sui-framework/packages/sui-framework" }

dependencies = [
  { id = "MoveStdlib", name = "MoveStdlib" },
]

[move.toolchain-version]
compiler-version = "1.59.0"
edition = "2024.beta"
flavor = "sui"

[env]

[env.testnet]
chain-id = "4c78adac"
original-published-id = "0xbda9d5c77c4e7116ee37cb28c7b3e69b99011c98ac93179a27dbbc65e1f6e73a"
latest-published-id = "0xbda9d5c77c4e7116ee37cb28c7b3e69b99011c98ac93179a27dbbc65e1f6e73a"
published-version = "1"
