# @generated by Move, please check-in and do not edit manually.

[move]
version = 3
manifest_digest = "6B382502778D2399D32805575C80E27A39589854246B395F11CE1C881D67FC60"
deps_digest = "F8BBB0CCB2491CA29A3DF03D6F92277A4F3574266507ACD77214D37ECA3F3082"
dependencies = [
  { id = "Sui", name = "Sui" },
]

[[move.package]]
id = "MoveStdlib"
source = { git = "https://github.com/MystenLabs/sui.git", rev = "mainnet-v1.42.2", subdir = "crates/sui-framework/packages/move-stdlib" }

[[move.package]]
id = "Sui"
source = { git = "https://github.com/MystenLabs/sui.git", rev = "mainnet-v1.42.2", subdir = "crates/sui-framework/packages/sui-framework" }

dependencies = [
  { id = "MoveStdlib", name = "MoveStdlib" },
]

[move.toolchain-version]
compiler-version = "1.59.0"
edition = "2024.beta"
flavor = "sui"

[env]

[env.testnet]
chain-id = "4c78adac"
original-published-id = "0x7c8daaa56963f589146f1b2ad6b7c8ac22245c863d25292392c5afc8a990dd9d"
latest-published-id = "0x7c8daaa56963f589146f1b2ad6b7c8ac22245c863d25292392c5afc8a990dd9d"
published-version = "1"
