# @generated by Move, please check-in and do not edit manually.

[move]
version = 3
manifest_digest = "AF46A34E6BB7504E5CC6AE2D915F2AF1E5D457DE2BC72A74A1F068DC35E20086"
deps_digest = "F8BBB0CCB2491CA29A3DF03D6F92277A4F3574266507ACD77214D37ECA3F3082"
dependencies = [
  { id = "Sui", name = "Sui" },
]

[[move.package]]
id = "MoveStdlib"
source = { git = "https://github.com/MystenLabs/sui.git", rev = "mainnet-v1.42.2", subdir = "crates/sui-framework/packages/move-stdlib" }

[[move.package]]
id = "Sui"
source = { git = "https://github.com/MystenLabs/sui.git", rev = "mainnet-v1.42.2", subdir = "crates/sui-framework/packages/sui-framework" }

dependencies = [
  { id = "MoveStdlib", name = "MoveStdlib" },
]

[move.toolchain-version]
compiler-version = "1.35.1"
edition = "2024.beta"
flavor = "sui"

[env]

[env.testnet]
chain-id = "4c78adac"
original-published-id = "0xe0541f7d503be3d656254ec53d8d8be5966d1496523c6db37f7649402175fb43"
latest-published-id = "0xe0541f7d503be3d656254ec53d8d8be5966d1496523c6db37f7649402175fb43"
published-version = "1"
