# @generated by Move, please check-in and do not edit manually.

[move]
version = 3
manifest_digest = "792B90A5C845485E232222C626A47608E0074ACDFAFFCFFE6AF0BE7E0B08B147"
deps_digest = "F8BBB0CCB2491CA29A3DF03D6F92277A4F3574266507ACD77214D37ECA3F3082"
dependencies = [
  { id = "Sui", name = "Sui" },
]

[[move.package]]
id = "MoveStdlib"
source = { git = "https://github.com/MystenLabs/sui.git", rev = "framework/testnet", subdir = "crates/sui-framework/packages/move-stdlib" }

[[move.package]]
id = "Sui"
source = { git = "https://github.com/MystenLabs/sui.git", rev = "framework/testnet", subdir = "crates/sui-framework/packages/sui-framework" }

dependencies = [
  { id = "MoveStdlib", name = "MoveStdlib" },
]

[move.toolchain-version]
compiler-version = "1.58.3"
edition = "2024.beta"
flavor = "sui"

[env]

[env.testnet]
chain-id = "4c78adac"
original-published-id = "0xc25064b3fd132a017447733b3f027f5562de2767e5da4c79d0dbe68383c1eeb3"
latest-published-id = "0xc25064b3fd132a017447733b3f027f5562de2767e5da4c79d0dbe68383c1eeb3"
published-version = "1"
