# @generated by Move, please check-in and do not edit manually.

[move]
version = 3
manifest_digest = "F0F8482A045D47B0EBD250083C993F09AB6F192EA2A2EF80940F2E77CC345702"
deps_digest = "F8BBB0CCB2491CA29A3DF03D6F92277A4F3574266507ACD77214D37ECA3F3082"
dependencies = [
  { id = "Sui", name = "Sui" },
]

[[move.package]]
id = "MoveStdlib"
source = { git = "https://github.com/MystenLabs/sui.git", rev = "framework/testnet", subdir = "crates/sui-framework/packages/move-stdlib" }

[[move.package]]
id = "Sui"
source = { git = "https://github.com/MystenLabs/sui.git", rev = "framework/testnet", subdir = "crates/sui-framework/packages/sui-framework" }

dependencies = [
  { id = "MoveStdlib", name = "MoveStdlib" },
]

[move.toolchain-version]
compiler-version = "1.58.3"
edition = "2024.beta"
flavor = "sui"

[env]

[env.testnet]
chain-id = "4c78adac"
original-published-id = "0x17d7733daf900aed85bc9266ab312d4c6753774caac6a26e2fbdf1ef4b48cb17"
latest-published-id = "0x17d7733daf900aed85bc9266ab312d4c6753774caac6a26e2fbdf1ef4b48cb17"
published-version = "1"
