# @generated by Move, please check-in and do not edit manually.

[move]
version = 3
manifest_digest = "B85149268BA10B33CBFBF4A991E62C32D5F451FCCF5B8C1ED27AC6F354906F4F"
deps_digest = "3C4103934B1E040BB6B23F1D610B4EF9F2F1166A50A104EADCF77467C004C600"
dependencies = [
  { id = "CetusClmm", name = "CetusClmm" },
  { id = "Sui", name = "Sui" },
]

[[move.package]]
id = "CetusClmm"
source = { git = "https://github.com/CetusProtocol/cetus-clmm-interface.git", rev = "testnet-v1.26.0", subdir = "sui/cetus_clmm" }

dependencies = [
  { id = "IntegerMate", name = "IntegerMate" },
  { id = "MoveSTL", name = "MoveSTL" },
  { id = "Sui", name = "Sui" },
]

[[move.package]]
id = "IntegerMate"
source = { git = "https://github.com/CetusProtocol/integer-mate.git", rev = "testnet-v1.23.1", subdir = "sui" }

dependencies = [
  { id = "Sui", name = "Sui" },
]

[[move.package]]
id = "MoveSTL"
source = { git = "https://github.com/CetusProtocol/move-stl.git", rev = "testnet-v1.23.1", subdir = "sui" }

dependencies = [
  { id = "Sui", name = "Sui" },
]

[[move.package]]
id = "MoveStdlib"
source = { git = "https://github.com/MystenLabs/sui.git", rev = "mainnet-v1.42.2", subdir = "crates/sui-framework/packages/move-stdlib" }

[[move.package]]
id = "Sui"
source = { git = "https://github.com/MystenLabs/sui.git", rev = "mainnet-v1.42.2", subdir = "crates/sui-framework/packages/sui-framework" }

dependencies = [
  { id = "MoveStdlib", name = "MoveStdlib" },
]

[move.toolchain-version]
compiler-version = "1.59.0"
edition = "2024"
flavor = "sui"

[env]

[env.testnet]
chain-id = "4c78adac"
original-published-id = "0xc6a2e71b87b181251bcc44662616afad81288f78c330a6172792c1ec2c59761f"
latest-published-id = "0xc6a2e71b87b181251bcc44662616afad81288f78c330a6172792c1ec2c59761f"
published-version = "1"
