# @generated by Move, please check-in and do not edit manually.

[move]
version = 3
manifest_digest = "3058A9B5B919C53A1AAE9CA12E6372E1B428F7BA47BAFE2E988FE7789A8F2FB2"
deps_digest = "F8BBB0CCB2491CA29A3DF03D6F92277A4F3574266507ACD77214D37ECA3F3082"
dependencies = [
  { id = "Sui", name = "Sui" },
]

[[move.package]]
id = "MoveStdlib"
source = { git = "https://github.com/MystenLabs/sui.git", rev = "framework/testnet", subdir = "crates/sui-framework/packages/move-stdlib" }

[[move.package]]
id = "Sui"
source = { git = "https://github.com/MystenLabs/sui.git", rev = "framework/testnet", subdir = "crates/sui-framework/packages/sui-framework" }

dependencies = [
  { id = "MoveStdlib", name = "MoveStdlib" },
]

[move.toolchain-version]
compiler-version = "1.58.3"
edition = "2024.beta"
flavor = "sui"

[env]

[env.testnet]
chain-id = "4c78adac"
original-published-id = "0xc35defe55406a9cd66ae7021a54ddea7725be6e0efde9cf003e28f60ca88bc03"
latest-published-id = "0xc35defe55406a9cd66ae7021a54ddea7725be6e0efde9cf003e28f60ca88bc03"
published-version = "1"
